
Microsoft Visual Studio Solution File, Format Version 12.00
# Visual Studio Version 16
VisualStudioVersion = 16.0.30907.101
MinimumVisualStudioVersion = 10.0.40219.1
Project("{FAE04EC0-301F-11D3-BF4B-00C04F79EFBC}") = "OilChangeApp", "OilChangeApp\OilChangeApp.csproj", "{7C55F5E7-3E30-4249-87B5-B30191394214}"
EndProject
Global
	GlobalSection(SolutionConfigurationPlatforms) = preSolution
		Debug|Any CPU = Debug|Any CPU
		Release|Any CPU = Release|Any CPU
	EndGlobalSection
	GlobalSection(ProjectConfigurationPlatforms) = postSolution
		{7C55F5E7-3E30-4249-87B5-B30191394214}.Debug|Any CPU.ActiveCfg = Debug|Any CPU
		{7C55F5E7-3E30-4249-87B5-B30191394214}.Debug|Any CPU.Build.0 = Debug|Any CPU
		{7C55F5E7-3E30-4249-87B5-B30191394214}.Release|Any CPU.ActiveCfg = Release|Any CPU
		{7C55F5E7-3E30-4249-87B5-B30191394214}.Release|Any CPU.Build.0 = Release|Any CPU
	EndGlobalSection
	GlobalSection(SolutionProperties) = preSolution
		HideSolutionNode = FALSE
	EndGlobalSection
	GlobalSection(ExtensibilityGlobals) = postSolution
		SolutionGuid = {8DD19006-A69E-479B-A4BB-5A16B93BC706}
	EndGlobalSection
EndGlobal
